
Microsoft Visual Studio Solution File, Format Version 12.00
# Visual Studio Version 16
VisualStudioVersion = 16.0.30128.74
MinimumVisualStudioVersion = 10.0.40219.1
Project("{FAE04EC0-301F-11D3-BF4B-00C04F79EFBC}") = "FoodAppAPI", "FoodAppAPI\FoodAppAPI.csproj", "{12C04E7D-EECA-47C7-88E1-C3563B134BDB}"
EndProject
Global
	GlobalSection(SolutionConfigurationPlatforms) = preSolution
		Debug|Any CPU = Debug|Any CPU
		Release|Any CPU = Release|Any CPU
	EndGlobalSection
	GlobalSection(ProjectConfigurationPlatforms) = postSolution
		{12C04E7D-EECA-47C7-88E1-C3563B134BDB}.Debug|Any CPU.ActiveCfg = Debug|Any CPU
		{12C04E7D-EECA-47C7-88E1-C3563B134BDB}.Debug|Any CPU.Build.0 = Debug|Any CPU
		{12C04E7D-EECA-47C7-88E1-C3563B134BDB}.Release|Any CPU.ActiveCfg = Release|Any CPU
		{12C04E7D-EECA-47C7-88E1-C3563B134BDB}.Release|Any CPU.Build.0 = Release|Any CPU
	EndGlobalSection
	GlobalSection(SolutionProperties) = preSolution
		HideSolutionNode = FALSE
	EndGlobalSection
	GlobalSection(ExtensibilityGlobals) = postSolution
		SolutionGuid = {B38A6DD3-1391-42F7-8791-DBD54E6DCA9A}
	EndGlobalSection
EndGlobal
